
Microsoft Visual Studio Solution File, Format Version 12.00
# Visual Studio 14
VisualStudioVersion = 14.0.25420.1
MinimumVisualStudioVersion = 10.0.40219.1
Project("{2150E333-8FDC-42A3-9474-1A3956D46DE8}") = "Engine", "Engine", "{F8F11EDF-6240-43D5-8255-09811D1EBBAF}"
EndProject
Project("{2150E333-8FDC-42A3-9474-1A3956D46DE8}") = "Games", "Games", "{8B27FA3B-7E8F-4F95-8562-217DE4D6FBCA}"
EndProject
Project("{8BC9CEB8-8B4A-11D0-8D11-00A0C91BC942}") = "UE4", "Intermediate\ProjectFiles\UE4.vcxproj", "{84727176-133F-4570-94FC-2CEA6EAD2FCC}"
EndProject
Project("{8BC9CEB8-8B4A-11D0-8D11-00A0C91BC942}") = "BuildingEscape", "Intermediate\ProjectFiles\BuildingEscape.vcxproj", "{4B0985F4-5E08-4561-8A37-BDF7322F911D}"
EndProject
Global
	GlobalSection(SolutionConfigurationPlatforms) = preSolution
		DebugGame Editor|HTML5 = DebugGame Editor|HTML5
		DebugGame Editor|Win32 = DebugGame Editor|Win32
		DebugGame Editor|Win64 = DebugGame Editor|Win64
		DebugGame|HTML5 = DebugGame|HTML5
		DebugGame|Win32 = DebugGame|Win32
		DebugGame|Win64 = DebugGame|Win64
		Development Editor|HTML5 = Development Editor|HTML5
		Development Editor|Win32 = Development Editor|Win32
		Development Editor|Win64 = Development Editor|Win64
		Development|HTML5 = Development|HTML5
		Development|Win32 = Development|Win32
		Development|Win64 = Development|Win64
		Shipping|HTML5 = Shipping|HTML5
		Shipping|Win32 = Shipping|Win32
		Shipping|Win64 = Shipping|Win64
	EndGlobalSection
	GlobalSection(ProjectConfigurationPlatforms) = postSolution
		{84727176-133F-4570-94FC-2CEA6EAD2FCC}.DebugGame Editor|HTML5.ActiveCfg = BuiltWithUnrealBuildTool|Win32
		{84727176-133F-4570-94FC-2CEA6EAD2FCC}.DebugGame Editor|HTML5.Build.0 = BuiltWithUnrealBuildTool|Win32
		{84727176-133F-4570-94FC-2CEA6EAD2FCC}.DebugGame Editor|Win32.ActiveCfg = BuiltWithUnrealBuildTool|Win32
		{84727176-133F-4570-94FC-2CEA6EAD2FCC}.DebugGame Editor|Win32.Build.0 = BuiltWithUnrealBuildTool|Win32
		{84727176-133F-4570-94FC-2CEA6EAD2FCC}.DebugGame Editor|Win64.ActiveCfg = BuiltWithUnrealBuildTool|Win32
		{84727176-133F-4570-94FC-2CEA6EAD2FCC}.DebugGame Editor|Win64.Build.0 = BuiltWithUnrealBuildTool|Win32
		{84727176-133F-4570-94FC-2CEA6EAD2FCC}.DebugGame|HTML5.ActiveCfg = BuiltWithUnrealBuildTool|Win32
		{84727176-133F-4570-94FC-2CEA6EAD2FCC}.DebugGame|HTML5.Build.0 = BuiltWithUnrealBuildTool|Win32
		{84727176-133F-4570-94FC-2CEA6EAD2FCC}.DebugGame|Win32.ActiveCfg = BuiltWithUnrealBuildTool|Win32
		{84727176-133F-4570-94FC-2CEA6EAD2FCC}.DebugGame|Win32.Build.0 = BuiltWithUnrealBuildTool|Win32
		{84727176-133F-4570-94FC-2CEA6EAD2FCC}.DebugGame|Win64.ActiveCfg = BuiltWithUnrealBuildTool|Win32
		{84727176-133F-4570-94FC-2CEA6EAD2FCC}.DebugGame|Win64.Build.0 = BuiltWithUnrealBuildTool|Win32
		{84727176-133F-4570-94FC-2CEA6EAD2FCC}.Development Editor|HTML5.ActiveCfg = BuiltWithUnrealBuildTool|Win32
		{84727176-133F-4570-94FC-2CEA6EAD2FCC}.Development Editor|HTML5.Build.0 = BuiltWithUnrealBuildTool|Win32
		{84727176-133F-4570-94FC-2CEA6EAD2FCC}.Development Editor|Win32.ActiveCfg = BuiltWithUnrealBuildTool|Win32
		{84727176-133F-4570-94FC-2CEA6EAD2FCC}.Development Editor|Win32.Build.0 = BuiltWithUnrealBuildTool|Win32
		{84727176-133F-4570-94FC-2CEA6EAD2FCC}.Development Editor|Win64.ActiveCfg = BuiltWithUnrealBuildTool|Win32
		{84727176-133F-4570-94FC-2CEA6EAD2FCC}.Development Editor|Win64.Build.0 = BuiltWithUnrealBuildTool|Win32
		{84727176-133F-4570-94FC-2CEA6EAD2FCC}.Development|HTML5.ActiveCfg = BuiltWithUnrealBuildTool|Win32
		{84727176-133F-4570-94FC-2CEA6EAD2FCC}.Development|HTML5.Build.0 = BuiltWithUnrealBuildTool|Win32
		{84727176-133F-4570-94FC-2CEA6EAD2FCC}.Development|Win32.ActiveCfg = BuiltWithUnrealBuildTool|Win32
		{84727176-133F-4570-94FC-2CEA6EAD2FCC}.Development|Win32.Build.0 = BuiltWithUnrealBuildTool|Win32
		{84727176-133F-4570-94FC-2CEA6EAD2FCC}.Development|Win64.ActiveCfg = BuiltWithUnrealBuildTool|Win32
		{84727176-133F-4570-94FC-2CEA6EAD2FCC}.Development|Win64.Build.0 = BuiltWithUnrealBuildTool|Win32
		{84727176-133F-4570-94FC-2CEA6EAD2FCC}.Shipping|HTML5.ActiveCfg = BuiltWithUnrealBuildTool|Win32
		{84727176-133F-4570-94FC-2CEA6EAD2FCC}.Shipping|HTML5.Build.0 = BuiltWithUnrealBuildTool|Win32
		{84727176-133F-4570-94FC-2CEA6EAD2FCC}.Shipping|Win32.ActiveCfg = BuiltWithUnrealBuildTool|Win32
		{84727176-133F-4570-94FC-2CEA6EAD2FCC}.Shipping|Win32.Build.0 = BuiltWithUnrealBuildTool|Win32
		{84727176-133F-4570-94FC-2CEA6EAD2FCC}.Shipping|Win64.ActiveCfg = BuiltWithUnrealBuildTool|Win32
		{84727176-133F-4570-94FC-2CEA6EAD2FCC}.Shipping|Win64.Build.0 = BuiltWithUnrealBuildTool|Win32
		{4B0985F4-5E08-4561-8A37-BDF7322F911D}.DebugGame Editor|HTML5.ActiveCfg = HTML5_DebugGame_Editor|Win32
		{4B0985F4-5E08-4561-8A37-BDF7322F911D}.DebugGame Editor|Win32.ActiveCfg = DebugGame_Editor|Win32
		{4B0985F4-5E08-4561-8A37-BDF7322F911D}.DebugGame Editor|Win64.ActiveCfg = DebugGame_Editor|x64
		{4B0985F4-5E08-4561-8A37-BDF7322F911D}.DebugGame Editor|Win64.Build.0 = DebugGame_Editor|x64
		{4B0985F4-5E08-4561-8A37-BDF7322F911D}.DebugGame|HTML5.ActiveCfg = HTML5_DebugGame_Game|Win32
		{4B0985F4-5E08-4561-8A37-BDF7322F911D}.DebugGame|HTML5.Build.0 = HTML5_DebugGame_Game|Win32
		{4B0985F4-5E08-4561-8A37-BDF7322F911D}.DebugGame|Win32.ActiveCfg = DebugGame_Game|Win32
		{4B0985F4-5E08-4561-8A37-BDF7322F911D}.DebugGame|Win32.Build.0 = DebugGame_Game|Win32
		{4B0985F4-5E08-4561-8A37-BDF7322F911D}.DebugGame|Win64.ActiveCfg = DebugGame_Game|x64
		{4B0985F4-5E08-4561-8A37-BDF7322F911D}.DebugGame|Win64.Build.0 = DebugGame_Game|x64
		{4B0985F4-5E08-4561-8A37-BDF7322F911D}.Development Editor|HTML5.ActiveCfg = HTML5_Development_Editor|Win32
		{4B0985F4-5E08-4561-8A37-BDF7322F911D}.Development Editor|Win32.ActiveCfg = Development_Editor|Win32
		{4B0985F4-5E08-4561-8A37-BDF7322F911D}.Development Editor|Win64.ActiveCfg = Development_Editor|x64
		{4B0985F4-5E08-4561-8A37-BDF7322F911D}.Development Editor|Win64.Build.0 = Development_Editor|x64
		{4B0985F4-5E08-4561-8A37-BDF7322F911D}.Development|HTML5.ActiveCfg = HTML5_Development_Game|Win32
		{4B0985F4-5E08-4561-8A37-BDF7322F911D}.Development|HTML5.Build.0 = HTML5_Development_Game|Win32
		{4B0985F4-5E08-4561-8A37-BDF7322F911D}.Development|Win32.ActiveCfg = Development_Game|Win32
		{4B0985F4-5E08-4561-8A37-BDF7322F911D}.Development|Win32.Build.0 = Development_Game|Win32
		{4B0985F4-5E08-4561-8A37-BDF7322F911D}.Development|Win64.ActiveCfg = Development_Game|x64
		{4B0985F4-5E08-4561-8A37-BDF7322F911D}.Development|Win64.Build.0 = Development_Game|x64
		{4B0985F4-5E08-4561-8A37-BDF7322F911D}.Shipping|HTML5.ActiveCfg = HTML5_Shipping_Game|Win32
		{4B0985F4-5E08-4561-8A37-BDF7322F911D}.Shipping|HTML5.Build.0 = HTML5_Shipping_Game|Win32
		{4B0985F4-5E08-4561-8A37-BDF7322F911D}.Shipping|Win32.ActiveCfg = Shipping_Game|Win32
		{4B0985F4-5E08-4561-8A37-BDF7322F911D}.Shipping|Win32.Build.0 = Shipping_Game|Win32
		{4B0985F4-5E08-4561-8A37-BDF7322F911D}.Shipping|Win64.ActiveCfg = Shipping_Game|x64
		{4B0985F4-5E08-4561-8A37-BDF7322F911D}.Shipping|Win64.Build.0 = Shipping_Game|x64
	EndGlobalSection
	GlobalSection(SolutionProperties) = preSolution
		HideSolutionNode = FALSE
	EndGlobalSection
	GlobalSection(NestedProjects) = preSolution
		{84727176-133F-4570-94FC-2CEA6EAD2FCC} = {F8F11EDF-6240-43D5-8255-09811D1EBBAF}
		{4B0985F4-5E08-4561-8A37-BDF7322F911D} = {8B27FA3B-7E8F-4F95-8562-217DE4D6FBCA}
	EndGlobalSection
EndGlobal
